
Microsoft Visual Studio Solution File, Format Version 12.00
# Visual Studio Version 16
VisualStudioVersion = 16.0.28729.10
MinimumVisualStudioVersion = 10.0.40219.1
Project("{FAE04EC0-301F-11D3-BF4B-00C04F79EFBC}") = "Quinta entrega", "Quinta entrega\Quinta entrega.csproj", "{C9DB17CA-B84D-4368-A1E8-73A604475285}"
EndProject
Global
	GlobalSection(SolutionConfigurationPlatforms) = preSolution
		Debug|Any CPU = Debug|Any CPU
		Release|Any CPU = Release|Any CPU
	EndGlobalSection
	GlobalSection(ProjectConfigurationPlatforms) = postSolution
		{C9DB17CA-B84D-4368-A1E8-73A604475285}.Debug|Any CPU.ActiveCfg = Debug|Any CPU
		{C9DB17CA-B84D-4368-A1E8-73A604475285}.Debug|Any CPU.Build.0 = Debug|Any CPU
		{C9DB17CA-B84D-4368-A1E8-73A604475285}.Release|Any CPU.ActiveCfg = Release|Any CPU
		{C9DB17CA-B84D-4368-A1E8-73A604475285}.Release|Any CPU.Build.0 = Release|Any CPU
	EndGlobalSection
	GlobalSection(SolutionProperties) = preSolution
		HideSolutionNode = FALSE
	EndGlobalSection
	GlobalSection(ExtensibilityGlobals) = postSolution
		SolutionGuid = {284E49F5-9D37-43EA-935E-044BAF52E410}
	EndGlobalSection
EndGlobal
